
Microsoft Visual Studio Solution File, Format Version 12.00
# Visual Studio 15
VisualStudioVersion = 15.0.28307.1000
MinimumVisualStudioVersion = 10.0.40219.1
Project("{FAE04EC0-301F-11D3-BF4B-00C04F79EFBC}") = "Csharp_built_in_functions", "Csharp_built_in_functions\Csharp_built_in_functions.csproj", "{D45C8E56-6A69-4EB3-9941-5A7D106711F2}"
EndProject
Global
	GlobalSection(SolutionConfigurationPlatforms) = preSolution
		Debug|Any CPU = Debug|Any CPU
		Release|Any CPU = Release|Any CPU
	EndGlobalSection
	GlobalSection(ProjectConfigurationPlatforms) = postSolution
		{D45C8E56-6A69-4EB3-9941-5A7D106711F2}.Debug|Any CPU.ActiveCfg = Debug|Any CPU
		{D45C8E56-6A69-4EB3-9941-5A7D106711F2}.Debug|Any CPU.Build.0 = Debug|Any CPU
		{D45C8E56-6A69-4EB3-9941-5A7D106711F2}.Release|Any CPU.ActiveCfg = Release|Any CPU
		{D45C8E56-6A69-4EB3-9941-5A7D106711F2}.Release|Any CPU.Build.0 = Release|Any CPU
	EndGlobalSection
	GlobalSection(SolutionProperties) = preSolution
		HideSolutionNode = FALSE
	EndGlobalSection
	GlobalSection(ExtensibilityGlobals) = postSolution
		SolutionGuid = {E016FC92-2A94-4DC3-903A-E39A1FC5E64D}
	EndGlobalSection
EndGlobal
